# This file is automatically @generated by Cargo.
# It is not intended for manual editing.
version = 4

[[package]]
name = "udcn-cli"
version = "0.1.0"
dependencies = [
 "udcn-common",
]

[[package]]
name = "udcn-common"
version = "0.1.0"

[[package]]
name = "udcn-daemon"
version = "0.1.0"
dependencies = [
 "udcn-common",
]

[[package]]
name = "udcn-ebpf"
version = "0.1.0"

[[package]]
name = "udcn-quic"
version = "0.1.0"
